// !$*UTF8*$!
{
	archiveVersion = 1;
	classes = {
	};
	objectVersion = 46;
	objects = {

/* Begin PBXBuildFile section */
		12DDFBE11DB215420034666C /* main.swift in Sources */ = {isa = PBXBuildFile; fileRef = 12DDFBE01DB215420034666C /* main.swift */; };
		12DDFC2A1DB21BB50034666C /* BBBNetworkInterface.swift in Sources */ = {isa = PBXBuildFile; fileRef = 12DDFC271DB21B820034666C /* BBBNetworkInterface.swift */; };
/* End PBXBuildFile section */

/* Begin PBXCopyFilesBuildPhase section */
		12DDFBDB1DB215420034666C /* CopyFiles */ = {
			isa = PBXCopyFilesBuildPhase;
			buildActionMask = 2147483647;
			dstPath = /usr/share/man/man1/;
			dstSubfolderSpec = 0;
			files = (
			);
			runOnlyForDeploymentPostprocessing = 1;
		};
/* End PBXCopyFilesBuildPhase section */

/* Begin PBXFileReference section */
		12DDFBDD1DB215420034666C /* Example.CLT */ = {isa = PBXFileReference; explicitFileType = "compiled.mach-o.executable"; includeInIndex = 0; path = Example.CLT; sourceTree = BUILT_PRODUCTS_DIR; };
		12DDFBE01DB215420034666C /* main.swift */ = {isa = PBXFileReference; lastKnownFileType = sourcecode.swift; path = main.swift; sourceTree = "<group>"; };
		12DDFC251DB21B820034666C /* BBBNetworkInterface-Bridging-Header.h */ = {isa = PBXFileReference; lastKnownFileType = sourcecode.c.h; path = "BBBNetworkInterface-Bridging-Header.h"; sourceTree = "<group>"; };
		12DDFC271DB21B820034666C /* BBBNetworkInterface.swift */ = {isa = PBXFileReference; lastKnownFileType = sourcecode.swift; path = BBBNetworkInterface.swift; sourceTree = "<group>"; };
		12DDFC291DB21B820034666C /* module.modulemap */ = {isa = PBXFileReference; lastKnownFileType = "sourcecode.module-map"; path = module.modulemap; sourceTree = "<group>"; };
/* End PBXFileReference section */

/* Begin PBXFrameworksBuildPhase section */
		12DDFBDA1DB215420034666C /* Frameworks */ = {
			isa = PBXFrameworksBuildPhase;
			buildActionMask = 2147483647;
			files = (
			);
			runOnlyForDeploymentPostprocessing = 0;
		};
/* End PBXFrameworksBuildPhase section */

/* Begin PBXGroup section */
		12DDFBD41DB215420034666C = {
			isa = PBXGroup;
			children = (
				12DDFC241DB21B820034666C /* BBBNetworkInterface-Sources */,
				12DDFBDF1DB215420034666C /* Example.CLT */,
				12DDFBDE1DB215420034666C /* Products */,
			);
			sourceTree = "<group>";
		};
		12DDFBDE1DB215420034666C /* Products */ = {
			isa = PBXGroup;
			children = (
				12DDFBDD1DB215420034666C /* Example.CLT */,
			);
			name = Products;
			sourceTree = "<group>";
		};
		12DDFBDF1DB215420034666C /* Example.CLT */ = {
			isa = PBXGroup;
			children = (
				12DDFBE01DB215420034666C /* main.swift */,
			);
			path = Example.CLT;
			sourceTree = "<group>";
		};
		12DDFC241DB21B820034666C /* BBBNetworkInterface-Sources */ = {
			isa = PBXGroup;
			children = (
				12DDFC251DB21B820034666C /* BBBNetworkInterface-Bridging-Header.h */,
				12DDFC271DB21B820034666C /* BBBNetworkInterface.swift */,
				12DDFC291DB21B820034666C /* module.modulemap */,
			);
			name = "BBBNetworkInterface-Sources";
			path = Carthage/Checkouts/BBBNetworkInterface/Sources;
			sourceTree = "<group>";
		};
/* End PBXGroup section */

/* Begin PBXNativeTarget section */
		12DDFBDC1DB215420034666C /* Example.CLT */ = {
			isa = PBXNativeTarget;
			buildConfigurationList = 12DDFBE41DB215420034666C /* Build configuration list for PBXNativeTarget "Example.CLT" */;
			buildPhases = (
				12DDFBD91DB215420034666C /* Sources */,
				12DDFBDA1DB215420034666C /* Frameworks */,
				12DDFBDB1DB215420034666C /* CopyFiles */,
			);
			buildRules = (
			);
			dependencies = (
			);
			name = Example.CLT;
			productName = Example.CLT;
			productReference = 12DDFBDD1DB215420034666C /* Example.CLT */;
			productType = "com.apple.product-type.tool";
		};
/* End PBXNativeTarget section */

/* Begin PBXProject section */
		12DDFBD51DB215420034666C /* Project object */ = {
			isa = PBXProject;
			attributes = {
				LastSwiftUpdateCheck = 0800;
				LastUpgradeCheck = 0800;
				ORGANIZATIONNAME = "OTAKE Takayoshi";
				TargetAttributes = {
					12DDFBDC1DB215420034666C = {
						CreatedOnToolsVersion = 8.0;
						DevelopmentTeam = 78NCYGV39H;
						ProvisioningStyle = Automatic;
					};
				};
			};
			buildConfigurationList = 12DDFBD81DB215420034666C /* Build configuration list for PBXProject "Example.CLT" */;
			compatibilityVersion = "Xcode 3.2";
			developmentRegion = English;
			hasScannedForEncodings = 0;
			knownRegions = (
				en,
			);
			mainGroup = 12DDFBD41DB215420034666C;
			productRefGroup = 12DDFBDE1DB215420034666C /* Products */;
			projectDirPath = "";
			projectRoot = "";
			targets = (
				12DDFBDC1DB215420034666C /* Example.CLT */,
			);
		};
/* End PBXProject section */

/* Begin PBXSourcesBuildPhase section */
		12DDFBD91DB215420034666C /* Sources */ = {
			isa = PBXSourcesBuildPhase;
			buildActionMask = 2147483647;
			files = (
				12DDFBE11DB215420034666C /* main.swift in Sources */,
				12DDFC2A1DB21BB50034666C /* BBBNetworkInterface.swift in Sources */,
			);
			runOnlyForDeploymentPostprocessing = 0;
		};
/* End PBXSourcesBuildPhase section */

/* Begin XCBuildConfiguration section */
		12DDFBE21DB215420034666C /* Debug */ = {
			isa = XCBuildConfiguration;
			buildSettings = {
				ALWAYS_SEARCH_USER_PATHS = NO;
				CLANG_ANALYZER_NONNULL = YES;
				CLANG_CXX_LANGUAGE_STANDARD = "gnu++0x";
				CLANG_CXX_LIBRARY = "libc++";
				CLANG_ENABLE_MODULES = YES;
				CLANG_ENABLE_OBJC_ARC = YES;
				CLANG_WARN_BOOL_CONVERSION = YES;
				CLANG_WARN_CONSTANT_CONVERSION = YES;
				CLANG_WARN_DIRECT_OBJC_ISA_USAGE = YES_ERROR;
				CLANG_WARN_DOCUMENTATION_COMMENTS = YES;
				CLANG_WARN_EMPTY_BODY = YES;
				CLANG_WARN_ENUM_CONVERSION = YES;
				CLANG_WARN_INFINITE_RECURSION = YES;
				CLANG_WARN_INT_CONVERSION = YES;
				CLANG_WARN_OBJC_ROOT_CLASS = YES_ERROR;
				CLANG_WARN_SUSPICIOUS_MOVES = YES;
				CLANG_WARN_UNREACHABLE_CODE = YES;
				CLANG_WARN__DUPLICATE_METHOD_MATCH = YES;
				CODE_SIGN_IDENTITY = "-";
				COPY_PHASE_STRIP = NO;
				DEBUG_INFORMATION_FORMAT = dwarf;
				ENABLE_STRICT_OBJC_MSGSEND = YES;
				ENABLE_TESTABILITY = YES;
				GCC_C_LANGUAGE_STANDARD = gnu99;
				GCC_DYNAMIC_NO_PIC = NO;
				GCC_NO_COMMON_BLOCKS = YES;
				GCC_OPTIMIZATION_LEVEL = 0;
				GCC_PREPROCESSOR_DEFINITIONS = (
					"DEBUG=1",
					"$(inherited)",
				);
				GCC_WARN_64_TO_32_BIT_CONVERSION = YES;
				GCC_WARN_ABOUT_RETURN_TYPE = YES_ERROR;
				GCC_WARN_UNDECLARED_SELECTOR = YES;
				GCC_WARN_UNINITIALIZED_AUTOS = YES_AGGRESSIVE;
				GCC_WARN_UNUSED_FUNCTION = YES;
				GCC_WARN_UNUSED_VARIABLE = YES;
				MACOSX_DEPLOYMENT_TARGET = 10.12;
				MTL_ENABLE_DEBUG_INFO = YES;
				ONLY_ACTIVE_ARCH = YES;
				SDKROOT = macosx;
				SWIFT_OPTIMIZATION_LEVEL = "-Onone";
			};
			name = Debug;
		};
		12DDFBE31DB215420034666C /* Release */ = {
			isa = XCBuildConfiguration;
			buildSettings = {
				ALWAYS_SEARCH_USER_PATHS = NO;
				CLANG_ANALYZER_NONNULL = YES;
				CLANG_CXX_LANGUAGE_STANDARD = "gnu++0x";
				CLANG_CXX_LIBRARY = "libc++";
				CLANG_ENABLE_MODULES = YES;
				CLANG_ENABLE_OBJC_ARC = YES;
				CLANG_WARN_BOOL_CONVERSION = YES;
				CLANG_WARN_CONSTANT_CONVERSION = YES;
				CLANG_WARN_DIRECT_OBJC_ISA_USAGE = YES_ERROR;
				CLANG_WARN_DOCUMENTATION_COMMENTS = YES;
				CLANG_WARN_EMPTY_BODY = YES;
				CLANG_WARN_ENUM_CONVERSION = YES;
				CLANG_WARN_INFINITE_RECURSION = YES;
				CLANG_WARN_INT_CONVERSION = YES;
				CLANG_WARN_OBJC_ROOT_CLASS = YES_ERROR;
				CLANG_WARN_SUSPICIOUS_MOVES = YES;
				CLANG_WARN_UNREACHABLE_CODE = YES;
				CLANG_WARN__DUPLICATE_METHOD_MATCH = YES;
				CODE_SIGN_IDENTITY = "-";
				COPY_PHASE_STRIP = NO;
				DEBUG_INFORMATION_FORMAT = "dwarf-with-dsym";
				ENABLE_NS_ASSERTIONS = NO;
				ENABLE_STRICT_OBJC_MSGSEND = YES;
				GCC_C_LANGUAGE_STANDARD = gnu99;
				GCC_NO_COMMON_BLOCKS = YES;
				GCC_WARN_64_TO_32_BIT_CONVERSION = YES;
				GCC_WARN_ABOUT_RETURN_TYPE = YES_ERROR;
				GCC_WARN_UNDECLARED_SELECTOR = YES;
				GCC_WARN_UNINITIALIZED_AUTOS = YES_AGGRESSIVE;
				GCC_WARN_UNUSED_FUNCTION = YES;
				GCC_WARN_UNUSED_VARIABLE = YES;
				MACOSX_DEPLOYMENT_TARGET = 10.12;
				MTL_ENABLE_DEBUG_INFO = NO;
				SDKROOT = macosx;
			};
			name = Release;
		};
		12DDFBE51DB215420034666C /* Debug */ = {
			isa = XCBuildConfiguration;
			buildSettings = {
				DEVELOPMENT_TEAM = 78NCYGV39H;
				PRODUCT_NAME = "$(TARGET_NAME)";
				SWIFT_INCLUDE_PATHS = Carthage/Checkouts/BBBNetworkInterface/Sources;
				SWIFT_VERSION = 3.0;
			};
			name = Debug;
		};
		12DDFBE61DB215420034666C /* Release */ = {
			isa = XCBuildConfiguration;
			buildSettings = {
				DEVELOPMENT_TEAM = 78NCYGV39H;
				PRODUCT_NAME = "$(TARGET_NAME)";
				SWIFT_INCLUDE_PATHS = Carthage/Checkouts/BBBNetworkInterface/Sources;
				SWIFT_VERSION = 3.0;
			};
			name = Release;
		};
/* End XCBuildConfiguration section */

/* Begin XCConfigurationList section */
		12DDFBD81DB215420034666C /* Build configuration list for PBXProject "Example.CLT" */ = {
			isa = XCConfigurationList;
			buildConfigurations = (
				12DDFBE21DB215420034666C /* Debug */,
				12DDFBE31DB215420034666C /* Release */,
			);
			defaultConfigurationIsVisible = 0;
			defaultConfigurationName = Release;
		};
		12DDFBE41DB215420034666C /* Build configuration list for PBXNativeTarget "Example.CLT" */ = {
			isa = XCConfigurationList;
			buildConfigurations = (
				12DDFBE51DB215420034666C /* Debug */,
				12DDFBE61DB215420034666C /* Release */,
			);
			defaultConfigurationIsVisible = 0;
			defaultConfigurationName = Release;
		};
/* End XCConfigurationList section */
	};
	rootObject = 12DDFBD51DB215420034666C /* Project object */;
}
